
Microsoft Visual Studio Solution File, Format Version 12.00
# Visual Studio Version 17
VisualStudioVersion = 17.14.36518.9 d17.14
MinimumVisualStudioVersion = 10.0.40219.1
Project("{FAE04EC0-301F-11D3-BF4B-00C04F79EFBC}") = "MalkovPractic", "MalkovPractic\MalkovPractic.csproj", "{E7A39D12-7E6B-43EF-9E2D-7351B6A2CD62}"
EndProject
Project("{FAE04EC0-301F-11D3-BF4B-00C04F79EFBC}") = "ClassLib", "ClassLib\ClassLib.csproj", "{49CB55F7-450D-4241-866B-764E63721CA2}"
EndProject
Project("{FAE04EC0-301F-11D3-BF4B-00C04F79EFBC}") = "MyForm", "MyForm\MyForm.csproj", "{5397B96B-1FC8-434F-A8DA-30632CD566D2}"
EndProject
Global
	GlobalSection(SolutionConfigurationPlatforms) = preSolution
		Debug|Any CPU = Debug|Any CPU
		Release|Any CPU = Release|Any CPU
	EndGlobalSection
	GlobalSection(ProjectConfigurationPlatforms) = postSolution
		{E7A39D12-7E6B-43EF-9E2D-7351B6A2CD62}.Debug|Any CPU.ActiveCfg = Debug|Any CPU
		{E7A39D12-7E6B-43EF-9E2D-7351B6A2CD62}.Debug|Any CPU.Build.0 = Debug|Any CPU
		{E7A39D12-7E6B-43EF-9E2D-7351B6A2CD62}.Release|Any CPU.ActiveCfg = Release|Any CPU
		{E7A39D12-7E6B-43EF-9E2D-7351B6A2CD62}.Release|Any CPU.Build.0 = Release|Any CPU
		{49CB55F7-450D-4241-866B-764E63721CA2}.Debug|Any CPU.ActiveCfg = Debug|Any CPU
		{49CB55F7-450D-4241-866B-764E63721CA2}.Debug|Any CPU.Build.0 = Debug|Any CPU
		{49CB55F7-450D-4241-866B-764E63721CA2}.Release|Any CPU.ActiveCfg = Release|Any CPU
		{49CB55F7-450D-4241-866B-764E63721CA2}.Release|Any CPU.Build.0 = Release|Any CPU
		{5397B96B-1FC8-434F-A8DA-30632CD566D2}.Debug|Any CPU.ActiveCfg = Debug|Any CPU
		{5397B96B-1FC8-434F-A8DA-30632CD566D2}.Debug|Any CPU.Build.0 = Debug|Any CPU
		{5397B96B-1FC8-434F-A8DA-30632CD566D2}.Release|Any CPU.ActiveCfg = Release|Any CPU
		{5397B96B-1FC8-434F-A8DA-30632CD566D2}.Release|Any CPU.Build.0 = Release|Any CPU
	EndGlobalSection
	GlobalSection(SolutionProperties) = preSolution
		HideSolutionNode = FALSE
	EndGlobalSection
	GlobalSection(ExtensibilityGlobals) = postSolution
		SolutionGuid = {55D5BE31-FB7C-47C9-A5D8-961AB44B9F67}
	EndGlobalSection
EndGlobal
